schema: '2.0'
stages:
  preprocess:
    cmd: python3 src/preprocess.py
    deps:
    - path: data/dataset.csv
      hash: md5
      md5: 8ade7793997a014bac17d364c415f138
      size: 2758
    - path: src/preprocess.py
      hash: md5
      md5: 6031d77c72eec05fac40ef9240ae3581
      size: 392
    outs:
    - path: data/processed.csv
      hash: md5
      md5: 8ade7793997a014bac17d364c415f138
      size: 2758
  train:
    cmd: python3 src/train.py
    deps:
    - path: data/processed.csv
      hash: md5
      md5: 8ade7793997a014bac17d364c415f138
      size: 2758
    - path: src/train.py
      hash: md5
      md5: 82be2ac9b45779fff5a5d1d11a3c3369
      size: 1074
    params:
      params.yaml:
        model.max_depth: 10
        model.n_estimators: 200
        train.random_state: 42
        train.test_size: 0.2
    outs:
    - path: models/model.pkl
      hash: md5
      md5: 7179041ae936e3778156637dfa56dc6e
      size: 348348
  evaluate:
    cmd: python3 src/evaluate.py
    deps:
    - path: data/processed.csv
      hash: md5
      md5: 8ade7793997a014bac17d364c415f138
      size: 2758
    - path: models/model.pkl
      hash: md5
      md5: 7179041ae936e3778156637dfa56dc6e
      size: 348348
    - path: src/evaluate.py
      hash: md5
      md5: 6a7c98fa85dc2812a78a30e05c321194
      size: 1257
    params:
      params.yaml:
        train.random_state: 42
        train.test_size: 0.2
    outs:
    - path: metrics/metrics.json
      hash: md5
      md5: 827ead021c2b209bf44dcc8657c91ba3
      size: 77
